
Microsoft Visual Studio Solution File, Format Version 12.00
# Visual Studio Version 17
VisualStudioVersion = 17.2.32630.192
MinimumVisualStudioVersion = 10.0.40219.1
Project("{2150E333-8FDC-42A3-9474-1A3956D46DE8}") = "ShoppinCart", "ShoppinCart", "{AC16CEC3-FBF7-4062-B72E-CCB94ED59FC5}"
EndProject
Project("{2150E333-8FDC-42A3-9474-1A3956D46DE8}") = "Ordering", "Ordering", "{9CCB2F6A-81BF-4B90-8858-3A2F31D96496}"
EndProject
Project("{2150E333-8FDC-42A3-9474-1A3956D46DE8}") = "ShoppinCart.SharedLib", "ShoppinCart.SharedLib", "{68DECA0B-948F-430E-A80B-298DECA89A3D}"
EndProject
Project("{9A19103F-16F7-4668-BE54-9A1E7A4F7556}") = "OrdersApi", "Ordering\OrdersApi\OrdersApi.csproj", "{95E9E496-AF46-45AE-B0F9-9AD5A928CB7C}"
EndProject
Project("{E53339B2-1760-4266-BCC7-CA923CBCF16C}") = "docker-compose", "docker-compose.dcproj", "{06B4935C-4817-4935-9189-C6A08E32FD13}"
EndProject
Project("{2150E333-8FDC-42A3-9474-1A3956D46DE8}") = "Catalog", "Catalog", "{C300DAA4-49B0-4899-ACE4-591061197E6F}"
EndProject
Project("{9A19103F-16F7-4668-BE54-9A1E7A4F7556}") = "CatalogsApi", "Catalog\CatalogsApi\CatalogsApi.csproj", "{C6AD415A-8F1A-4332-902D-9E29450B292A}"
EndProject
Project("{2150E333-8FDC-42A3-9474-1A3956D46DE8}") = "Api", "Api", "{FB6BA471-C1FA-4387-B2AA-1E9583691683}"
EndProject
Project("{2150E333-8FDC-42A3-9474-1A3956D46DE8}") = "Core", "Core", "{C0087685-EA09-4F7D-8266-6F34CDC625F2}"
EndProject
Project("{2150E333-8FDC-42A3-9474-1A3956D46DE8}") = "Interfaces", "Interfaces", "{3D156C50-3B84-4469-BE8A-0CCE1BEEF887}"
EndProject
Project("{9A19103F-16F7-4668-BE54-9A1E7A4F7556}") = "Catalogs.Domain", "Catalog\Core\Catalogs.Domain\Catalogs.Domain.csproj", "{317CE693-E90A-4179-A63B-1B224EB95EF3}"
EndProject
Project("{9A19103F-16F7-4668-BE54-9A1E7A4F7556}") = "Catalogs.Repository.Interface", "Catalog\Core\Interfaces\Catalogs.Repository.Interface\Catalogs.Repository.Interface.csproj", "{CBCAE1D7-B34A-4EF1-AF9B-0C48F8A456BE}"
EndProject
Project("{9A19103F-16F7-4668-BE54-9A1E7A4F7556}") = "Catalogs.Infra.Data", "Catalog\Core\Catalogs.Infra.Data\Catalogs.Infra.Data.csproj", "{210B071C-B279-4516-BAEC-E49B5D4F72C5}"
EndProject
Project("{9A19103F-16F7-4668-BE54-9A1E7A4F7556}") = "Catalogs.Application", "Catalog\Core\Catalogs.Application\Catalogs.Application.csproj", "{8C40F342-FEA0-47B8-8710-33E8BE4B5DD3}"
EndProject
Project("{2150E333-8FDC-42A3-9474-1A3956D46DE8}") = "CrossCutting", "CrossCutting", "{73A28D3C-AEAD-4B7C-82D2-FB1B5C02030C}"
EndProject
Project("{9A19103F-16F7-4668-BE54-9A1E7A4F7556}") = "Catalogs.Infra.IoC", "Catalog\Core\CrossCutting\Catalogs.Infra.IoC\Catalogs.Infra.IoC.csproj", "{C2797A44-BB01-44EA-8805-6399CF41A758}"
EndProject
Project("{9A19103F-16F7-4668-BE54-9A1E7A4F7556}") = "Catalogs.Application.Interface", "Catalog\Core\Interfaces\Catalogs.Application\Catalogs.Application.Interface.csproj", "{9CB76449-CB5D-456A-B1D9-E90C81A41358}"
EndProject
Project("{2150E333-8FDC-42A3-9474-1A3956D46DE8}") = "Api", "Api", "{528AACA5-F1A2-4E2C-88AA-0AD875D74684}"
EndProject
Project("{2150E333-8FDC-42A3-9474-1A3956D46DE8}") = "Core", "Core", "{28EBD1E4-BD13-4659-94C8-9786AABD626B}"
EndProject
Project("{2150E333-8FDC-42A3-9474-1A3956D46DE8}") = "Interfaces", "Interfaces", "{52D63C70-A73F-40C5-8F9C-0530A5CF4813}"
EndProject
Project("{2150E333-8FDC-42A3-9474-1A3956D46DE8}") = "CrossCutting", "CrossCutting", "{04DBFB9C-9D91-41FB-AFC2-9152D7D2165F}"
EndProject
Project("{9A19103F-16F7-4668-BE54-9A1E7A4F7556}") = "Orders.Domain", "Ordering\Core\Orders.Domain\Orders.Domain.csproj", "{738CA2A0-4542-45E5-95DB-E71FA80FC61E}"
EndProject
Project("{9A19103F-16F7-4668-BE54-9A1E7A4F7556}") = "Orders.Infra.Data", "Ordering\Core\Orders.Infra.Data\Orders.Infra.Data.csproj", "{9DF17D9B-5C66-4F5C-BC67-302768F83509}"
EndProject
Project("{9A19103F-16F7-4668-BE54-9A1E7A4F7556}") = "Orders.Repository.Interface", "Ordering\Core\Interfaces\Orders.Repository.Interface\Orders.Repository.Interface.csproj", "{4F14E0D7-F379-42F1-A3F0-9389EA5047C0}"
EndProject
Project("{9A19103F-16F7-4668-BE54-9A1E7A4F7556}") = "Orders.Infra.IoC", "Ordering\CrossCutting\Orders.Infra.IoC\Orders.Infra.IoC.csproj", "{82AA7A42-19E8-4150-9765-5E5877DEFB59}"
EndProject
Project("{9A19103F-16F7-4668-BE54-9A1E7A4F7556}") = "Orders.Application.Interface", "Ordering\Core\Interfaces\Orders.Service.Interface\Orders.Application.Interface.csproj", "{F563B5A5-0420-4BED-B3F9-779741B823D7}"
EndProject
Project("{9A19103F-16F7-4668-BE54-9A1E7A4F7556}") = "Orders.Application", "Ordering\Core\Orders.Application\Orders.Application.csproj", "{F65BFDE4-C9D6-42C9-978E-D2E74054150E}"
EndProject
Project("{9A19103F-16F7-4668-BE54-9A1E7A4F7556}") = "ShoppingCart.Mvc", "ShoppingCart.Web\ShoppingCart.Mvc\ShoppingCart.Mvc.csproj", "{3D84BB6A-8D83-4097-89FC-4D72255AF790}"
EndProject
Project("{9A19103F-16F7-4668-BE54-9A1E7A4F7556}") = "Messaging.InterfacesConstants", "ShoppingCart.SharedLib\Messaging.InterfacesConstants\Messaging.InterfacesConstants.csproj", "{472AD2E9-915F-43E5-848E-7F16885B927E}"
EndProject
Global
	GlobalSection(SolutionConfigurationPlatforms) = preSolution
		Debug|Any CPU = Debug|Any CPU
		Release|Any CPU = Release|Any CPU
	EndGlobalSection
	GlobalSection(ProjectConfigurationPlatforms) = postSolution
		{95E9E496-AF46-45AE-B0F9-9AD5A928CB7C}.Debug|Any CPU.ActiveCfg = Debug|Any CPU
		{95E9E496-AF46-45AE-B0F9-9AD5A928CB7C}.Debug|Any CPU.Build.0 = Debug|Any CPU
		{95E9E496-AF46-45AE-B0F9-9AD5A928CB7C}.Release|Any CPU.ActiveCfg = Release|Any CPU
		{95E9E496-AF46-45AE-B0F9-9AD5A928CB7C}.Release|Any CPU.Build.0 = Release|Any CPU
		{06B4935C-4817-4935-9189-C6A08E32FD13}.Debug|Any CPU.ActiveCfg = Debug|Any CPU
		{06B4935C-4817-4935-9189-C6A08E32FD13}.Debug|Any CPU.Build.0 = Debug|Any CPU
		{06B4935C-4817-4935-9189-C6A08E32FD13}.Release|Any CPU.ActiveCfg = Release|Any CPU
		{06B4935C-4817-4935-9189-C6A08E32FD13}.Release|Any CPU.Build.0 = Release|Any CPU
		{C6AD415A-8F1A-4332-902D-9E29450B292A}.Debug|Any CPU.ActiveCfg = Debug|Any CPU
		{C6AD415A-8F1A-4332-902D-9E29450B292A}.Debug|Any CPU.Build.0 = Debug|Any CPU
		{C6AD415A-8F1A-4332-902D-9E29450B292A}.Release|Any CPU.ActiveCfg = Release|Any CPU
		{C6AD415A-8F1A-4332-902D-9E29450B292A}.Release|Any CPU.Build.0 = Release|Any CPU
		{317CE693-E90A-4179-A63B-1B224EB95EF3}.Debug|Any CPU.ActiveCfg = Debug|Any CPU
		{317CE693-E90A-4179-A63B-1B224EB95EF3}.Debug|Any CPU.Build.0 = Debug|Any CPU
		{317CE693-E90A-4179-A63B-1B224EB95EF3}.Release|Any CPU.ActiveCfg = Release|Any CPU
		{317CE693-E90A-4179-A63B-1B224EB95EF3}.Release|Any CPU.Build.0 = Release|Any CPU
		{CBCAE1D7-B34A-4EF1-AF9B-0C48F8A456BE}.Debug|Any CPU.ActiveCfg = Debug|Any CPU
		{CBCAE1D7-B34A-4EF1-AF9B-0C48F8A456BE}.Debug|Any CPU.Build.0 = Debug|Any CPU
		{CBCAE1D7-B34A-4EF1-AF9B-0C48F8A456BE}.Release|Any CPU.ActiveCfg = Release|Any CPU
		{CBCAE1D7-B34A-4EF1-AF9B-0C48F8A456BE}.Release|Any CPU.Build.0 = Release|Any CPU
		{210B071C-B279-4516-BAEC-E49B5D4F72C5}.Debug|Any CPU.ActiveCfg = Debug|Any CPU
		{210B071C-B279-4516-BAEC-E49B5D4F72C5}.Debug|Any CPU.Build.0 = Debug|Any CPU
		{210B071C-B279-4516-BAEC-E49B5D4F72C5}.Release|Any CPU.ActiveCfg = Release|Any CPU
		{210B071C-B279-4516-BAEC-E49B5D4F72C5}.Release|Any CPU.Build.0 = Release|Any CPU
		{8C40F342-FEA0-47B8-8710-33E8BE4B5DD3}.Debug|Any CPU.ActiveCfg = Debug|Any CPU
		{8C40F342-FEA0-47B8-8710-33E8BE4B5DD3}.Debug|Any CPU.Build.0 = Debug|Any CPU
		{8C40F342-FEA0-47B8-8710-33E8BE4B5DD3}.Release|Any CPU.ActiveCfg = Release|Any CPU
		{8C40F342-FEA0-47B8-8710-33E8BE4B5DD3}.Release|Any CPU.Build.0 = Release|Any CPU
		{C2797A44-BB01-44EA-8805-6399CF41A758}.Debug|Any CPU.ActiveCfg = Debug|Any CPU
		{C2797A44-BB01-44EA-8805-6399CF41A758}.Debug|Any CPU.Build.0 = Debug|Any CPU
		{C2797A44-BB01-44EA-8805-6399CF41A758}.Release|Any CPU.ActiveCfg = Release|Any CPU
		{C2797A44-BB01-44EA-8805-6399CF41A758}.Release|Any CPU.Build.0 = Release|Any CPU
		{9CB76449-CB5D-456A-B1D9-E90C81A41358}.Debug|Any CPU.ActiveCfg = Debug|Any CPU
		{9CB76449-CB5D-456A-B1D9-E90C81A41358}.Debug|Any CPU.Build.0 = Debug|Any CPU
		{9CB76449-CB5D-456A-B1D9-E90C81A41358}.Release|Any CPU.ActiveCfg = Release|Any CPU
		{9CB76449-CB5D-456A-B1D9-E90C81A41358}.Release|Any CPU.Build.0 = Release|Any CPU
		{738CA2A0-4542-45E5-95DB-E71FA80FC61E}.Debug|Any CPU.ActiveCfg = Debug|Any CPU
		{738CA2A0-4542-45E5-95DB-E71FA80FC61E}.Debug|Any CPU.Build.0 = Debug|Any CPU
		{738CA2A0-4542-45E5-95DB-E71FA80FC61E}.Release|Any CPU.ActiveCfg = Release|Any CPU
		{738CA2A0-4542-45E5-95DB-E71FA80FC61E}.Release|Any CPU.Build.0 = Release|Any CPU
		{9DF17D9B-5C66-4F5C-BC67-302768F83509}.Debug|Any CPU.ActiveCfg = Debug|Any CPU
		{9DF17D9B-5C66-4F5C-BC67-302768F83509}.Debug|Any CPU.Build.0 = Debug|Any CPU
		{9DF17D9B-5C66-4F5C-BC67-302768F83509}.Release|Any CPU.ActiveCfg = Release|Any CPU
		{9DF17D9B-5C66-4F5C-BC67-302768F83509}.Release|Any CPU.Build.0 = Release|Any CPU
		{4F14E0D7-F379-42F1-A3F0-9389EA5047C0}.Debug|Any CPU.ActiveCfg = Debug|Any CPU
		{4F14E0D7-F379-42F1-A3F0-9389EA5047C0}.Debug|Any CPU.Build.0 = Debug|Any CPU
		{4F14E0D7-F379-42F1-A3F0-9389EA5047C0}.Release|Any CPU.ActiveCfg = Release|Any CPU
		{4F14E0D7-F379-42F1-A3F0-9389EA5047C0}.Release|Any CPU.Build.0 = Release|Any CPU
		{82AA7A42-19E8-4150-9765-5E5877DEFB59}.Debug|Any CPU.ActiveCfg = Debug|Any CPU
		{82AA7A42-19E8-4150-9765-5E5877DEFB59}.Debug|Any CPU.Build.0 = Debug|Any CPU
		{82AA7A42-19E8-4150-9765-5E5877DEFB59}.Release|Any CPU.ActiveCfg = Release|Any CPU
		{82AA7A42-19E8-4150-9765-5E5877DEFB59}.Release|Any CPU.Build.0 = Release|Any CPU
		{F563B5A5-0420-4BED-B3F9-779741B823D7}.Debug|Any CPU.ActiveCfg = Debug|Any CPU
		{F563B5A5-0420-4BED-B3F9-779741B823D7}.Debug|Any CPU.Build.0 = Debug|Any CPU
		{F563B5A5-0420-4BED-B3F9-779741B823D7}.Release|Any CPU.ActiveCfg = Release|Any CPU
		{F563B5A5-0420-4BED-B3F9-779741B823D7}.Release|Any CPU.Build.0 = Release|Any CPU
		{F65BFDE4-C9D6-42C9-978E-D2E74054150E}.Debug|Any CPU.ActiveCfg = Debug|Any CPU
		{F65BFDE4-C9D6-42C9-978E-D2E74054150E}.Debug|Any CPU.Build.0 = Debug|Any CPU
		{F65BFDE4-C9D6-42C9-978E-D2E74054150E}.Release|Any CPU.ActiveCfg = Release|Any CPU
		{F65BFDE4-C9D6-42C9-978E-D2E74054150E}.Release|Any CPU.Build.0 = Release|Any CPU
		{3D84BB6A-8D83-4097-89FC-4D72255AF790}.Debug|Any CPU.ActiveCfg = Debug|Any CPU
		{3D84BB6A-8D83-4097-89FC-4D72255AF790}.Debug|Any CPU.Build.0 = Debug|Any CPU
		{3D84BB6A-8D83-4097-89FC-4D72255AF790}.Release|Any CPU.ActiveCfg = Release|Any CPU
		{3D84BB6A-8D83-4097-89FC-4D72255AF790}.Release|Any CPU.Build.0 = Release|Any CPU
		{472AD2E9-915F-43E5-848E-7F16885B927E}.Debug|Any CPU.ActiveCfg = Debug|Any CPU
		{472AD2E9-915F-43E5-848E-7F16885B927E}.Debug|Any CPU.Build.0 = Debug|Any CPU
		{472AD2E9-915F-43E5-848E-7F16885B927E}.Release|Any CPU.ActiveCfg = Release|Any CPU
		{472AD2E9-915F-43E5-848E-7F16885B927E}.Release|Any CPU.Build.0 = Release|Any CPU
	EndGlobalSection
	GlobalSection(SolutionProperties) = preSolution
		HideSolutionNode = FALSE
	EndGlobalSection
	GlobalSection(NestedProjects) = preSolution
		{95E9E496-AF46-45AE-B0F9-9AD5A928CB7C} = {528AACA5-F1A2-4E2C-88AA-0AD875D74684}
		{C6AD415A-8F1A-4332-902D-9E29450B292A} = {FB6BA471-C1FA-4387-B2AA-1E9583691683}
		{FB6BA471-C1FA-4387-B2AA-1E9583691683} = {C300DAA4-49B0-4899-ACE4-591061197E6F}
		{C0087685-EA09-4F7D-8266-6F34CDC625F2} = {C300DAA4-49B0-4899-ACE4-591061197E6F}
		{3D156C50-3B84-4469-BE8A-0CCE1BEEF887} = {C0087685-EA09-4F7D-8266-6F34CDC625F2}
		{317CE693-E90A-4179-A63B-1B224EB95EF3} = {C0087685-EA09-4F7D-8266-6F34CDC625F2}
		{CBCAE1D7-B34A-4EF1-AF9B-0C48F8A456BE} = {3D156C50-3B84-4469-BE8A-0CCE1BEEF887}
		{210B071C-B279-4516-BAEC-E49B5D4F72C5} = {C0087685-EA09-4F7D-8266-6F34CDC625F2}
		{8C40F342-FEA0-47B8-8710-33E8BE4B5DD3} = {C0087685-EA09-4F7D-8266-6F34CDC625F2}
		{73A28D3C-AEAD-4B7C-82D2-FB1B5C02030C} = {C300DAA4-49B0-4899-ACE4-591061197E6F}
		{C2797A44-BB01-44EA-8805-6399CF41A758} = {73A28D3C-AEAD-4B7C-82D2-FB1B5C02030C}
		{9CB76449-CB5D-456A-B1D9-E90C81A41358} = {3D156C50-3B84-4469-BE8A-0CCE1BEEF887}
		{528AACA5-F1A2-4E2C-88AA-0AD875D74684} = {9CCB2F6A-81BF-4B90-8858-3A2F31D96496}
		{28EBD1E4-BD13-4659-94C8-9786AABD626B} = {9CCB2F6A-81BF-4B90-8858-3A2F31D96496}
		{52D63C70-A73F-40C5-8F9C-0530A5CF4813} = {28EBD1E4-BD13-4659-94C8-9786AABD626B}
		{04DBFB9C-9D91-41FB-AFC2-9152D7D2165F} = {9CCB2F6A-81BF-4B90-8858-3A2F31D96496}
		{738CA2A0-4542-45E5-95DB-E71FA80FC61E} = {28EBD1E4-BD13-4659-94C8-9786AABD626B}
		{9DF17D9B-5C66-4F5C-BC67-302768F83509} = {28EBD1E4-BD13-4659-94C8-9786AABD626B}
		{4F14E0D7-F379-42F1-A3F0-9389EA5047C0} = {52D63C70-A73F-40C5-8F9C-0530A5CF4813}
		{82AA7A42-19E8-4150-9765-5E5877DEFB59} = {04DBFB9C-9D91-41FB-AFC2-9152D7D2165F}
		{F563B5A5-0420-4BED-B3F9-779741B823D7} = {52D63C70-A73F-40C5-8F9C-0530A5CF4813}
		{F65BFDE4-C9D6-42C9-978E-D2E74054150E} = {28EBD1E4-BD13-4659-94C8-9786AABD626B}
		{3D84BB6A-8D83-4097-89FC-4D72255AF790} = {AC16CEC3-FBF7-4062-B72E-CCB94ED59FC5}
		{472AD2E9-915F-43E5-848E-7F16885B927E} = {68DECA0B-948F-430E-A80B-298DECA89A3D}
	EndGlobalSection
	GlobalSection(ExtensibilityGlobals) = postSolution
		SolutionGuid = {3D0D9C9F-699F-472D-855B-ECEEEA6FE251}
	EndGlobalSection
EndGlobal
